
Microsoft Visual Studio Solution File, Format Version 12.00
# Visual Studio 14
VisualStudioVersion = 14.0.22512.0
MinimumVisualStudioVersion = 10.0.40219.1
Project("{FAE04EC0-301F-11D3-BF4B-00C04F79EFBC}") = "ModelExplorer", "ModelExplorer\ModelExplorer.csproj", "{13A45C13-3265-47B8-BC48-A553B569DF55}"
		{3836e292-c09f-4cb6-b3ee-87ebf38dd5ff} = {3836e292-c09f-4cb6-b3ee-87ebf38dd5ff}
		{12be24c1-66eb-4732-8a3d-06775d5f1f77} = {12be24c1-66eb-4732-8a3d-06775d5f1f77}
EndProject
Project("{FAE04EC0-301F-11D3-BF4B-00C04F79EFBC}") = "Assembly-CSharp", "C:\Users\sorabae\Documents\CollaborativeDiagramming\App\GeneratedProjects\UWP\Assembly-CSharp\Assembly-CSharp.csproj", "{3836e292-c09f-4cb6-b3ee-87ebf38dd5ff}"
EndProject
Project("{FAE04EC0-301F-11D3-BF4B-00C04F79EFBC}") = "Assembly-CSharp-firstpass", "C:\Users\sorabae\Documents\CollaborativeDiagramming\App\GeneratedProjects\UWP\Assembly-CSharp-firstpass\Assembly-CSharp-firstpass.csproj", "{12be24c1-66eb-4732-8a3d-06775d5f1f77}"
EndProject
Global
	GlobalSection(SolutionConfigurationPlatforms) = preSolution
		Debug|ARM = Debug|ARM
		Debug|x64 = Debug|x64
		Debug|x86 = Debug|x86
		Master|ARM = Master|ARM
		Master|x64 = Master|x64
		Master|x86 = Master|x86
		Release|ARM = Release|ARM
		Release|x64 = Release|x64
		Release|x86 = Release|x86
	EndGlobalSection
	GlobalSection(ProjectConfigurationPlatforms) = postSolution
		{13A45C13-3265-47B8-BC48-A553B569DF55}.Debug|ARM.ActiveCfg = Debug|ARM
		{13A45C13-3265-47B8-BC48-A553B569DF55}.Debug|ARM.Build.0 = Debug|ARM
		{13A45C13-3265-47B8-BC48-A553B569DF55}.Debug|ARM.Deploy.0 = Debug|ARM
		{13A45C13-3265-47B8-BC48-A553B569DF55}.Debug|x64.ActiveCfg = Debug|x64
		{13A45C13-3265-47B8-BC48-A553B569DF55}.Debug|x64.Build.0 = Debug|x64
		{13A45C13-3265-47B8-BC48-A553B569DF55}.Debug|x64.Deploy.0 = Debug|x64
		{13A45C13-3265-47B8-BC48-A553B569DF55}.Debug|x86.ActiveCfg = Debug|x86
		{13A45C13-3265-47B8-BC48-A553B569DF55}.Debug|x86.Build.0 = Debug|x86
		{13A45C13-3265-47B8-BC48-A553B569DF55}.Debug|x86.Deploy.0 = Debug|x86
		{13A45C13-3265-47B8-BC48-A553B569DF55}.Master|ARM.ActiveCfg = Master|ARM
		{13A45C13-3265-47B8-BC48-A553B569DF55}.Master|ARM.Build.0 = Master|ARM
		{13A45C13-3265-47B8-BC48-A553B569DF55}.Master|ARM.Deploy.0 = Master|ARM
		{13A45C13-3265-47B8-BC48-A553B569DF55}.Master|x64.ActiveCfg = Master|x64
		{13A45C13-3265-47B8-BC48-A553B569DF55}.Master|x64.Build.0 = Master|x64
		{13A45C13-3265-47B8-BC48-A553B569DF55}.Master|x64.Deploy.0 = Master|x64
		{13A45C13-3265-47B8-BC48-A553B569DF55}.Master|x86.ActiveCfg = Master|x86
		{13A45C13-3265-47B8-BC48-A553B569DF55}.Master|x86.Build.0 = Master|x86
		{13A45C13-3265-47B8-BC48-A553B569DF55}.Master|x86.Deploy.0 = Master|x86
		{13A45C13-3265-47B8-BC48-A553B569DF55}.Release|ARM.ActiveCfg = Release|ARM
		{13A45C13-3265-47B8-BC48-A553B569DF55}.Release|ARM.Build.0 = Release|ARM
		{13A45C13-3265-47B8-BC48-A553B569DF55}.Release|ARM.Deploy.0 = Release|ARM
		{13A45C13-3265-47B8-BC48-A553B569DF55}.Release|x64.ActiveCfg = Release|x64
		{13A45C13-3265-47B8-BC48-A553B569DF55}.Release|x64.Build.0 = Release|x64
		{13A45C13-3265-47B8-BC48-A553B569DF55}.Release|x64.Deploy.0 = Release|x64
		{13A45C13-3265-47B8-BC48-A553B569DF55}.Release|x86.ActiveCfg = Release|x86
		{13A45C13-3265-47B8-BC48-A553B569DF55}.Release|x86.Build.0 = Release|x86
		{13A45C13-3265-47B8-BC48-A553B569DF55}.Release|x86.Deploy.0 = Release|x86
		{3836e292-c09f-4cb6-b3ee-87ebf38dd5ff}.Debug|x86.ActiveCfg = Debug|x86
		{3836e292-c09f-4cb6-b3ee-87ebf38dd5ff}.Debug|x86.Build.0 = Debug|x86
		{3836e292-c09f-4cb6-b3ee-87ebf38dd5ff}.Release|x86.ActiveCfg = Release|x86
		{3836e292-c09f-4cb6-b3ee-87ebf38dd5ff}.Release|x86.Build.0 = Release|x86
		{3836e292-c09f-4cb6-b3ee-87ebf38dd5ff}.Master|x86.ActiveCfg = Master|x86
		{3836e292-c09f-4cb6-b3ee-87ebf38dd5ff}.Master|x86.Build.0 = Master|x86
		{3836e292-c09f-4cb6-b3ee-87ebf38dd5ff}.Debug|x64.ActiveCfg = Debug|x64
		{3836e292-c09f-4cb6-b3ee-87ebf38dd5ff}.Debug|x64.Build.0 = Debug|x64
		{3836e292-c09f-4cb6-b3ee-87ebf38dd5ff}.Release|x64.ActiveCfg = Release|x64
		{3836e292-c09f-4cb6-b3ee-87ebf38dd5ff}.Release|x64.Build.0 = Release|x64
		{3836e292-c09f-4cb6-b3ee-87ebf38dd5ff}.Master|x64.ActiveCfg = Master|x64
		{3836e292-c09f-4cb6-b3ee-87ebf38dd5ff}.Master|x64.Build.0 = Master|x64
		{3836e292-c09f-4cb6-b3ee-87ebf38dd5ff}.Debug|ARM.ActiveCfg = Debug|ARM
		{3836e292-c09f-4cb6-b3ee-87ebf38dd5ff}.Debug|ARM.Build.0 = Debug|ARM
		{3836e292-c09f-4cb6-b3ee-87ebf38dd5ff}.Release|ARM.ActiveCfg = Release|ARM
		{3836e292-c09f-4cb6-b3ee-87ebf38dd5ff}.Release|ARM.Build.0 = Release|ARM
		{3836e292-c09f-4cb6-b3ee-87ebf38dd5ff}.Master|ARM.ActiveCfg = Master|ARM
		{3836e292-c09f-4cb6-b3ee-87ebf38dd5ff}.Master|ARM.Build.0 = Master|ARM
		{12be24c1-66eb-4732-8a3d-06775d5f1f77}.Debug|x86.ActiveCfg = Debug|x86
		{12be24c1-66eb-4732-8a3d-06775d5f1f77}.Debug|x86.Build.0 = Debug|x86
		{12be24c1-66eb-4732-8a3d-06775d5f1f77}.Release|x86.ActiveCfg = Release|x86
		{12be24c1-66eb-4732-8a3d-06775d5f1f77}.Release|x86.Build.0 = Release|x86
		{12be24c1-66eb-4732-8a3d-06775d5f1f77}.Master|x86.ActiveCfg = Master|x86
		{12be24c1-66eb-4732-8a3d-06775d5f1f77}.Master|x86.Build.0 = Master|x86
		{12be24c1-66eb-4732-8a3d-06775d5f1f77}.Debug|ARM.ActiveCfg = Debug|ARM
		{12be24c1-66eb-4732-8a3d-06775d5f1f77}.Debug|ARM.Build.0 = Debug|ARM
		{12be24c1-66eb-4732-8a3d-06775d5f1f77}.Release|ARM.ActiveCfg = Release|ARM
		{12be24c1-66eb-4732-8a3d-06775d5f1f77}.Release|ARM.Build.0 = Release|ARM
		{12be24c1-66eb-4732-8a3d-06775d5f1f77}.Master|ARM.ActiveCfg = Master|ARM
		{12be24c1-66eb-4732-8a3d-06775d5f1f77}.Master|ARM.Build.0 = Master|ARM
 EndGlobalSection
	GlobalSection(SolutionProperties) = preSolution
		HideSolutionNode = FALSE
	EndGlobalSection
EndGlobal
