
Microsoft Visual Studio Solution File, Format Version 12.00
# Visual Studio 14
VisualStudioVersion = 14.0.22512.0
MinimumVisualStudioVersion = 10.0.40219.1
Project("{FAE04EC0-301F-11D3-BF4B-00C04F79EFBC}") = "ModelExplorer", "ModelExplorer\ModelExplorer.csproj", "{13A45C13-3265-47B8-BC48-A553B569DF55}"
		{13a11879-b124-4f3b-bd0f-75f22ffed068} = {13a11879-b124-4f3b-bd0f-75f22ffed068}
		{064468f0-5a4e-4adc-be31-c61ad108b89e} = {064468f0-5a4e-4adc-be31-c61ad108b89e}
EndProject
Project("{FAE04EC0-301F-11D3-BF4B-00C04F79EFBC}") = "Assembly-CSharp", "C:\Users\sorabae\Documents\CollaborativeDiagramming\App\GeneratedProjects\UWP\Assembly-CSharp\Assembly-CSharp.csproj", "{13a11879-b124-4f3b-bd0f-75f22ffed068}"
EndProject
Project("{FAE04EC0-301F-11D3-BF4B-00C04F79EFBC}") = "Assembly-CSharp-firstpass", "C:\Users\sorabae\Documents\CollaborativeDiagramming\App\GeneratedProjects\UWP\Assembly-CSharp-firstpass\Assembly-CSharp-firstpass.csproj", "{064468f0-5a4e-4adc-be31-c61ad108b89e}"
EndProject
Global
	GlobalSection(SolutionConfigurationPlatforms) = preSolution
		Debug|ARM = Debug|ARM
		Debug|x64 = Debug|x64
		Debug|x86 = Debug|x86
		Master|ARM = Master|ARM
		Master|x64 = Master|x64
		Master|x86 = Master|x86
		Release|ARM = Release|ARM
		Release|x64 = Release|x64
		Release|x86 = Release|x86
	EndGlobalSection
	GlobalSection(ProjectConfigurationPlatforms) = postSolution
		{13A45C13-3265-47B8-BC48-A553B569DF55}.Debug|ARM.ActiveCfg = Debug|ARM
		{13A45C13-3265-47B8-BC48-A553B569DF55}.Debug|ARM.Build.0 = Debug|ARM
		{13A45C13-3265-47B8-BC48-A553B569DF55}.Debug|ARM.Deploy.0 = Debug|ARM
		{13A45C13-3265-47B8-BC48-A553B569DF55}.Debug|x64.ActiveCfg = Debug|x64
		{13A45C13-3265-47B8-BC48-A553B569DF55}.Debug|x64.Build.0 = Debug|x64
		{13A45C13-3265-47B8-BC48-A553B569DF55}.Debug|x64.Deploy.0 = Debug|x64
		{13A45C13-3265-47B8-BC48-A553B569DF55}.Debug|x86.ActiveCfg = Debug|x86
		{13A45C13-3265-47B8-BC48-A553B569DF55}.Debug|x86.Build.0 = Debug|x86
		{13A45C13-3265-47B8-BC48-A553B569DF55}.Debug|x86.Deploy.0 = Debug|x86
		{13A45C13-3265-47B8-BC48-A553B569DF55}.Master|ARM.ActiveCfg = Master|ARM
		{13A45C13-3265-47B8-BC48-A553B569DF55}.Master|ARM.Build.0 = Master|ARM
		{13A45C13-3265-47B8-BC48-A553B569DF55}.Master|ARM.Deploy.0 = Master|ARM
		{13A45C13-3265-47B8-BC48-A553B569DF55}.Master|x64.ActiveCfg = Master|x64
		{13A45C13-3265-47B8-BC48-A553B569DF55}.Master|x64.Build.0 = Master|x64
		{13A45C13-3265-47B8-BC48-A553B569DF55}.Master|x64.Deploy.0 = Master|x64
		{13A45C13-3265-47B8-BC48-A553B569DF55}.Master|x86.ActiveCfg = Master|x86
		{13A45C13-3265-47B8-BC48-A553B569DF55}.Master|x86.Build.0 = Master|x86
		{13A45C13-3265-47B8-BC48-A553B569DF55}.Master|x86.Deploy.0 = Master|x86
		{13A45C13-3265-47B8-BC48-A553B569DF55}.Release|ARM.ActiveCfg = Release|ARM
		{13A45C13-3265-47B8-BC48-A553B569DF55}.Release|ARM.Build.0 = Release|ARM
		{13A45C13-3265-47B8-BC48-A553B569DF55}.Release|ARM.Deploy.0 = Release|ARM
		{13A45C13-3265-47B8-BC48-A553B569DF55}.Release|x64.ActiveCfg = Release|x64
		{13A45C13-3265-47B8-BC48-A553B569DF55}.Release|x64.Build.0 = Release|x64
		{13A45C13-3265-47B8-BC48-A553B569DF55}.Release|x64.Deploy.0 = Release|x64
		{13A45C13-3265-47B8-BC48-A553B569DF55}.Release|x86.ActiveCfg = Release|x86
		{13A45C13-3265-47B8-BC48-A553B569DF55}.Release|x86.Build.0 = Release|x86
		{13A45C13-3265-47B8-BC48-A553B569DF55}.Release|x86.Deploy.0 = Release|x86
		{13a11879-b124-4f3b-bd0f-75f22ffed068}.Debug|x86.ActiveCfg = Debug|x86
		{13a11879-b124-4f3b-bd0f-75f22ffed068}.Debug|x86.Build.0 = Debug|x86
		{13a11879-b124-4f3b-bd0f-75f22ffed068}.Release|x86.ActiveCfg = Release|x86
		{13a11879-b124-4f3b-bd0f-75f22ffed068}.Release|x86.Build.0 = Release|x86
		{13a11879-b124-4f3b-bd0f-75f22ffed068}.Master|x86.ActiveCfg = Master|x86
		{13a11879-b124-4f3b-bd0f-75f22ffed068}.Master|x86.Build.0 = Master|x86
		{13a11879-b124-4f3b-bd0f-75f22ffed068}.Debug|x64.ActiveCfg = Debug|x64
		{13a11879-b124-4f3b-bd0f-75f22ffed068}.Debug|x64.Build.0 = Debug|x64
		{13a11879-b124-4f3b-bd0f-75f22ffed068}.Release|x64.ActiveCfg = Release|x64
		{13a11879-b124-4f3b-bd0f-75f22ffed068}.Release|x64.Build.0 = Release|x64
		{13a11879-b124-4f3b-bd0f-75f22ffed068}.Master|x64.ActiveCfg = Master|x64
		{13a11879-b124-4f3b-bd0f-75f22ffed068}.Master|x64.Build.0 = Master|x64
		{13a11879-b124-4f3b-bd0f-75f22ffed068}.Debug|ARM.ActiveCfg = Debug|ARM
		{13a11879-b124-4f3b-bd0f-75f22ffed068}.Debug|ARM.Build.0 = Debug|ARM
		{13a11879-b124-4f3b-bd0f-75f22ffed068}.Release|ARM.ActiveCfg = Release|ARM
		{13a11879-b124-4f3b-bd0f-75f22ffed068}.Release|ARM.Build.0 = Release|ARM
		{13a11879-b124-4f3b-bd0f-75f22ffed068}.Master|ARM.ActiveCfg = Master|ARM
		{13a11879-b124-4f3b-bd0f-75f22ffed068}.Master|ARM.Build.0 = Master|ARM
		{064468f0-5a4e-4adc-be31-c61ad108b89e}.Debug|x86.ActiveCfg = Debug|x86
		{064468f0-5a4e-4adc-be31-c61ad108b89e}.Debug|x86.Build.0 = Debug|x86
		{064468f0-5a4e-4adc-be31-c61ad108b89e}.Release|x86.ActiveCfg = Release|x86
		{064468f0-5a4e-4adc-be31-c61ad108b89e}.Release|x86.Build.0 = Release|x86
		{064468f0-5a4e-4adc-be31-c61ad108b89e}.Master|x86.ActiveCfg = Master|x86
		{064468f0-5a4e-4adc-be31-c61ad108b89e}.Master|x86.Build.0 = Master|x86
		{064468f0-5a4e-4adc-be31-c61ad108b89e}.Debug|ARM.ActiveCfg = Debug|ARM
		{064468f0-5a4e-4adc-be31-c61ad108b89e}.Debug|ARM.Build.0 = Debug|ARM
		{064468f0-5a4e-4adc-be31-c61ad108b89e}.Release|ARM.ActiveCfg = Release|ARM
		{064468f0-5a4e-4adc-be31-c61ad108b89e}.Release|ARM.Build.0 = Release|ARM
		{064468f0-5a4e-4adc-be31-c61ad108b89e}.Master|ARM.ActiveCfg = Master|ARM
		{064468f0-5a4e-4adc-be31-c61ad108b89e}.Master|ARM.Build.0 = Master|ARM
 EndGlobalSection
	GlobalSection(SolutionProperties) = preSolution
		HideSolutionNode = FALSE
	EndGlobalSection
EndGlobal
